
Microsoft Visual Studio Solution File, Format Version 12.00
# Visual Studio 15
VisualStudioVersion = 15.0.27130.2010
MinimumVisualStudioVersion = 10.0.40219.1
Project("{FAE04EC0-301F-11D3-BF4B-00C04F79EFBC}") = "Lib.LandXML", "Lib.LandXML\Lib.LandXML.csproj", "{70F212DC-1368-4512-935A-8BE7EE4F5AB2}"
EndProject
Project("{FAE04EC0-301F-11D3-BF4B-00C04F79EFBC}") = "CLI.LandXML", "CLI.LandXML\CLI.LandXML.csproj", "{57F55FFF-5C18-4F31-83AF-4C729AF85E84}"
EndProject
Global
	GlobalSection(SolutionConfigurationPlatforms) = preSolution
		Debug|Any CPU = Debug|Any CPU
		Release|Any CPU = Release|Any CPU
	EndGlobalSection
	GlobalSection(ProjectConfigurationPlatforms) = postSolution
		{70F212DC-1368-4512-935A-8BE7EE4F5AB2}.Debug|Any CPU.ActiveCfg = Debug|Any CPU
		{70F212DC-1368-4512-935A-8BE7EE4F5AB2}.Debug|Any CPU.Build.0 = Debug|Any CPU
		{70F212DC-1368-4512-935A-8BE7EE4F5AB2}.Release|Any CPU.ActiveCfg = Release|Any CPU
		{70F212DC-1368-4512-935A-8BE7EE4F5AB2}.Release|Any CPU.Build.0 = Release|Any CPU
		{57F55FFF-5C18-4F31-83AF-4C729AF85E84}.Debug|Any CPU.ActiveCfg = Debug|Any CPU
		{57F55FFF-5C18-4F31-83AF-4C729AF85E84}.Debug|Any CPU.Build.0 = Debug|Any CPU
		{57F55FFF-5C18-4F31-83AF-4C729AF85E84}.Release|Any CPU.ActiveCfg = Release|Any CPU
		{57F55FFF-5C18-4F31-83AF-4C729AF85E84}.Release|Any CPU.Build.0 = Release|Any CPU
	EndGlobalSection
	GlobalSection(SolutionProperties) = preSolution
		HideSolutionNode = FALSE
	EndGlobalSection
	GlobalSection(ExtensibilityGlobals) = postSolution
		SolutionGuid = {8FECCF3F-EA9B-4404-8C81-6A4D040B28E6}
	EndGlobalSection
EndGlobal
